
Microsoft Visual Studio Solution File, Format Version 12.00
Project("{FAE04EC0-301F-11D3-BF4B-00C04F79EFBC}") = "Task_1", "Task_1\Task_1.csproj", "{2339B98B-1424-4560-9ECE-0FA66676BE12}"
EndProject
Project("{FAE04EC0-301F-11D3-BF4B-00C04F79EFBC}") = "Task_2", "Task_2\Task_2.csproj", "{93A18100-A72A-4076-A2DE-906D99DF8A6A}"
EndProject
Project("{FAE04EC0-301F-11D3-BF4B-00C04F79EFBC}") = "Task_3", "Task_3\Task_3.csproj", "{D36AD51B-95A6-4866-B189-1BB99DE241E8}"
EndProject
Global
	GlobalSection(SolutionConfigurationPlatforms) = preSolution
		Debug|Any CPU = Debug|Any CPU
		Release|Any CPU = Release|Any CPU
	EndGlobalSection
	GlobalSection(ProjectConfigurationPlatforms) = postSolution
		{2339B98B-1424-4560-9ECE-0FA66676BE12}.Debug|Any CPU.ActiveCfg = Debug|Any CPU
		{2339B98B-1424-4560-9ECE-0FA66676BE12}.Debug|Any CPU.Build.0 = Debug|Any CPU
		{2339B98B-1424-4560-9ECE-0FA66676BE12}.Release|Any CPU.ActiveCfg = Release|Any CPU
		{2339B98B-1424-4560-9ECE-0FA66676BE12}.Release|Any CPU.Build.0 = Release|Any CPU
		{93A18100-A72A-4076-A2DE-906D99DF8A6A}.Debug|Any CPU.ActiveCfg = Debug|Any CPU
		{93A18100-A72A-4076-A2DE-906D99DF8A6A}.Debug|Any CPU.Build.0 = Debug|Any CPU
		{93A18100-A72A-4076-A2DE-906D99DF8A6A}.Release|Any CPU.ActiveCfg = Release|Any CPU
		{93A18100-A72A-4076-A2DE-906D99DF8A6A}.Release|Any CPU.Build.0 = Release|Any CPU
		{D36AD51B-95A6-4866-B189-1BB99DE241E8}.Debug|Any CPU.ActiveCfg = Debug|Any CPU
		{D36AD51B-95A6-4866-B189-1BB99DE241E8}.Debug|Any CPU.Build.0 = Debug|Any CPU
		{D36AD51B-95A6-4866-B189-1BB99DE241E8}.Release|Any CPU.ActiveCfg = Release|Any CPU
		{D36AD51B-95A6-4866-B189-1BB99DE241E8}.Release|Any CPU.Build.0 = Release|Any CPU
	EndGlobalSection
EndGlobal
